// !$*UTF8*$!
{
	archiveVersion = 1;
	classes = {
	};
	objectVersion = 50;
	objects = {

/* Begin PBXBuildFile section */
		5D6B04262410F87800AA7D3B /* AppDelegate.swift in Sources */ = {isa = PBXBuildFile; fileRef = 5D6B04252410F87800AA7D3B /* AppDelegate.swift */; };
		5D6B04282410F87800AA7D3B /* SceneDelegate.swift in Sources */ = {isa = PBXBuildFile; fileRef = 5D6B04272410F87800AA7D3B /* SceneDelegate.swift */; };
		5D6B042A2410F87800AA7D3B /* ViewController.swift in Sources */ = {isa = PBXBuildFile; fileRef = 5D6B04292410F87800AA7D3B /* ViewController.swift */; };
		5D6B042D2410F87800AA7D3B /* Main.storyboard in Resources */ = {isa = PBXBuildFile; fileRef = 5D6B042B2410F87800AA7D3B /* Main.storyboard */; };
		5D6B042F2410F87D00AA7D3B /* Assets.xcassets in Resources */ = {isa = PBXBuildFile; fileRef = 5D6B042E2410F87D00AA7D3B /* Assets.xcassets */; };
		5D6B04322410F87D00AA7D3B /* LaunchScreen.storyboard in Resources */ = {isa = PBXBuildFile; fileRef = 5D6B04302410F87D00AA7D3B /* LaunchScreen.storyboard */; };
/* End PBXBuildFile section */

/* Begin PBXFileReference section */
		5D6B04222410F87800AA7D3B /* DeadlinesManager.app */ = {isa = PBXFileReference; explicitFileType = wrapper.application; includeInIndex = 0; path = DeadlinesManager.app; sourceTree = BUILT_PRODUCTS_DIR; };
		5D6B04252410F87800AA7D3B /* AppDelegate.swift */ = {isa = PBXFileReference; lastKnownFileType = sourcecode.swift; path = AppDelegate.swift; sourceTree = "<group>"; };
		5D6B04272410F87800AA7D3B /* SceneDelegate.swift */ = {isa = PBXFileReference; lastKnownFileType = sourcecode.swift; path = SceneDelegate.swift; sourceTree = "<group>"; };
		5D6B04292410F87800AA7D3B /* ViewController.swift */ = {isa = PBXFileReference; lastKnownFileType = sourcecode.swift; path = ViewController.swift; sourceTree = "<group>"; };
		5D6B042C2410F87800AA7D3B /* Base */ = {isa = PBXFileReference; lastKnownFileType = file.storyboard; name = Base; path = Base.lproj/Main.storyboard; sourceTree = "<group>"; };
		5D6B042E2410F87D00AA7D3B /* Assets.xcassets */ = {isa = PBXFileReference; lastKnownFileType = folder.assetcatalog; path = Assets.xcassets; sourceTree = "<group>"; };
		5D6B04312410F87D00AA7D3B /* Base */ = {isa = PBXFileReference; lastKnownFileType = file.storyboard; name = Base; path = Base.lproj/LaunchScreen.storyboard; sourceTree = "<group>"; };
		5D6B04332410F87D00AA7D3B /* Info.plist */ = {isa = PBXFileReference; lastKnownFileType = text.plist.xml; path = Info.plist; sourceTree = "<group>"; };
/* End PBXFileReference section */

/* Begin PBXFrameworksBuildPhase section */
		5D6B041F2410F87800AA7D3B /* Frameworks */ = {
			isa = PBXFrameworksBuildPhase;
			buildActionMask = 2147483647;
			files = (
			);
			runOnlyForDeploymentPostprocessing = 0;
		};
/* End PBXFrameworksBuildPhase section */

/* Begin PBXGroup section */
		5D6B04192410F87800AA7D3B = {
			isa = PBXGroup;
			children = (
				5D6B04242410F87800AA7D3B /* DeadlinesManager */,
				5D6B04232410F87800AA7D3B /* Products */,
			);
			sourceTree = "<group>";
		};
		5D6B04232410F87800AA7D3B /* Products */ = {
			isa = PBXGroup;
			children = (
				5D6B04222410F87800AA7D3B /* DeadlinesManager.app */,
			);
			name = Products;
			sourceTree = "<group>";
		};
		5D6B04242410F87800AA7D3B /* DeadlinesManager */ = {
			isa = PBXGroup;
			children = (
				5D6B04252410F87800AA7D3B /* AppDelegate.swift */,
				5D6B04272410F87800AA7D3B /* SceneDelegate.swift */,
				5D6B04292410F87800AA7D3B /* ViewController.swift */,
				5D6B042B2410F87800AA7D3B /* Main.storyboard */,
				5D6B042E2410F87D00AA7D3B /* Assets.xcassets */,
				5D6B04302410F87D00AA7D3B /* LaunchScreen.storyboard */,
				5D6B04332410F87D00AA7D3B /* Info.plist */,
			);
			path = DeadlinesManager;
			sourceTree = "<group>";
		};
/* End PBXGroup section */

/* Begin PBXNativeTarget section */
		5D6B04212410F87800AA7D3B /* DeadlinesManager */ = {
			isa = PBXNativeTarget;
			buildConfigurationList = 5D6B04362410F87D00AA7D3B /* Build configuration list for PBXNativeTarget "DeadlinesManager" */;
			buildPhases = (
				5D6B041E2410F87800AA7D3B /* Sources */,
				5D6B041F2410F87800AA7D3B /* Frameworks */,
				5D6B04202410F87800AA7D3B /* Resources */,
			);
			buildRules = (
			);
			dependencies = (
			);
			name = DeadlinesManager;
			productName = DeadlinesManager;
			productReference = 5D6B04222410F87800AA7D3B /* DeadlinesManager.app */;
			productType = "com.apple.product-type.application";
		};
/* End PBXNativeTarget section */

/* Begin PBXProject section */
		5D6B041A2410F87800AA7D3B /* Project object */ = {
			isa = PBXProject;
			attributes = {
				LastSwiftUpdateCheck = 1120;
				LastUpgradeCheck = 1120;
				ORGANIZATIONNAME = Anastasia;
				TargetAttributes = {
					5D6B04212410F87800AA7D3B = {
						CreatedOnToolsVersion = 11.2.1;
					};
				};
			};
			buildConfigurationList = 5D6B041D2410F87800AA7D3B /* Build configuration list for PBXProject "DeadlinesManager" */;
			compatibilityVersion = "Xcode 9.3";
			developmentRegion = en;
			hasScannedForEncodings = 0;
			knownRegions = (
				en,
				Base,
			);
			mainGroup = 5D6B04192410F87800AA7D3B;
			productRefGroup = 5D6B04232410F87800AA7D3B /* Products */;
			projectDirPath = "";
			projectRoot = "";
			targets = (
				5D6B04212410F87800AA7D3B /* DeadlinesManager */,
			);
		};
/* End PBXProject section */

/* Begin PBXResourcesBuildPhase section */
		5D6B04202410F87800AA7D3B /* Resources */ = {
			isa = PBXResourcesBuildPhase;
			buildActionMask = 2147483647;
			files = (
				5D6B04322410F87D00AA7D3B /* LaunchScreen.storyboard in Resources */,
				5D6B042F2410F87D00AA7D3B /* Assets.xcassets in Resources */,
				5D6B042D2410F87800AA7D3B /* Main.storyboard in Resources */,
			);
			runOnlyForDeploymentPostprocessing = 0;
		};
/* End PBXResourcesBuildPhase section */

/* Begin PBXSourcesBuildPhase section */
		5D6B041E2410F87800AA7D3B /* Sources */ = {
			isa = PBXSourcesBuildPhase;
			buildActionMask = 2147483647;
			files = (
				5D6B042A2410F87800AA7D3B /* ViewController.swift in Sources */,
				5D6B04262410F87800AA7D3B /* AppDelegate.swift in Sources */,
				5D6B04282410F87800AA7D3B /* SceneDelegate.swift in Sources */,
			);
			runOnlyForDeploymentPostprocessing = 0;
		};
/* End PBXSourcesBuildPhase section */

/* Begin PBXVariantGroup section */
		5D6B042B2410F87800AA7D3B /* Main.storyboard */ = {
			isa = PBXVariantGroup;
			children = (
				5D6B042C2410F87800AA7D3B /* Base */,
			);
			name = Main.storyboard;
			sourceTree = "<group>";
		};
		5D6B04302410F87D00AA7D3B /* LaunchScreen.storyboard */ = {
			isa = PBXVariantGroup;
			children = (
				5D6B04312410F87D00AA7D3B /* Base */,
			);
			name = LaunchScreen.storyboard;
			sourceTree = "<group>";
		};
/* End PBXVariantGroup section */

/* Begin XCBuildConfiguration section */
		5D6B04342410F87D00AA7D3B /* Debug */ = {
			isa = XCBuildConfiguration;
			buildSettings = {
				ALWAYS_SEARCH_USER_PATHS = NO;
				CLANG_ANALYZER_NONNULL = YES;
				CLANG_ANALYZER_NUMBER_OBJECT_CONVERSION = YES_AGGRESSIVE;
				CLANG_CXX_LANGUAGE_STANDARD = "gnu++14";
				CLANG_CXX_LIBRARY = "libc++";
				CLANG_ENABLE_MODULES = YES;
				CLANG_ENABLE_OBJC_ARC = YES;
				CLANG_ENABLE_OBJC_WEAK = YES;
				CLANG_WARN_BLOCK_CAPTURE_AUTORELEASING = YES;
				CLANG_WARN_BOOL_CONVERSION = YES;
				CLANG_WARN_COMMA = YES;
				CLANG_WARN_CONSTANT_CONVERSION = YES;
				CLANG_WARN_DEPRECATED_OBJC_IMPLEMENTATIONS = YES;
				CLANG_WARN_DIRECT_OBJC_ISA_USAGE = YES_ERROR;
				CLANG_WARN_DOCUMENTATION_COMMENTS = YES;
				CLANG_WARN_EMPTY_BODY = YES;
				CLANG_WARN_ENUM_CONVERSION = YES;
				CLANG_WARN_INFINITE_RECURSION = YES;
				CLANG_WARN_INT_CONVERSION = YES;
				CLANG_WARN_NON_LITERAL_NULL_CONVERSION = YES;
				CLANG_WARN_OBJC_IMPLICIT_RETAIN_SELF = YES;
				CLANG_WARN_OBJC_LITERAL_CONVERSION = YES;
				CLANG_WARN_OBJC_ROOT_CLASS = YES_ERROR;
				CLANG_WARN_RANGE_LOOP_ANALYSIS = YES;
				CLANG_WARN_STRICT_PROTOTYPES = YES;
				CLANG_WARN_SUSPICIOUS_MOVE = YES;
				CLANG_WARN_UNGUARDED_AVAILABILITY = YES_AGGRESSIVE;
				CLANG_WARN_UNREACHABLE_CODE = YES;
				CLANG_WARN__DUPLICATE_METHOD_MATCH = YES;
				COPY_PHASE_STRIP = NO;
				DEBUG_INFORMATION_FORMAT = dwarf;
				ENABLE_STRICT_OBJC_MSGSEND = YES;
				ENABLE_TESTABILITY = YES;
				GCC_C_LANGUAGE_STANDARD = gnu11;
				GCC_DYNAMIC_NO_PIC = NO;
				GCC_NO_COMMON_BLOCKS = YES;
				GCC_OPTIMIZATION_LEVEL = 0;
				GCC_PREPROCESSOR_DEFINITIONS = (
					"DEBUG=1",
					"$(inherited)",
				);
				GCC_WARN_64_TO_32_BIT_CONVERSION = YES;
				GCC_WARN_ABOUT_RETURN_TYPE = YES_ERROR;
				GCC_WARN_UNDECLARED_SELECTOR = YES;
				GCC_WARN_UNINITIALIZED_AUTOS = YES_AGGRESSIVE;
				GCC_WARN_UNUSED_FUNCTION = YES;
				GCC_WARN_UNUSED_VARIABLE = YES;
				IPHONEOS_DEPLOYMENT_TARGET = 13.2;
				MTL_ENABLE_DEBUG_INFO = INCLUDE_SOURCE;
				MTL_FAST_MATH = YES;
				ONLY_ACTIVE_ARCH = YES;
				SDKROOT = iphoneos;
				SWIFT_ACTIVE_COMPILATION_CONDITIONS = DEBUG;
				SWIFT_OPTIMIZATION_LEVEL = "-Onone";
			};
			name = Debug;
		};
		5D6B04352410F87D00AA7D3B /* Release */ = {
			isa = XCBuildConfiguration;
			buildSettings = {
				ALWAYS_SEARCH_USER_PATHS = NO;
				CLANG_ANALYZER_NONNULL = YES;
				CLANG_ANALYZER_NUMBER_OBJECT_CONVERSION = YES_AGGRESSIVE;
				CLANG_CXX_LANGUAGE_STANDARD = "gnu++14";
				CLANG_CXX_LIBRARY = "libc++";
				CLANG_ENABLE_MODULES = YES;
				CLANG_ENABLE_OBJC_ARC = YES;
				CLANG_ENABLE_OBJC_WEAK = YES;
				CLANG_WARN_BLOCK_CAPTURE_AUTORELEASING = YES;
				CLANG_WARN_BOOL_CONVERSION = YES;
				CLANG_WARN_COMMA = YES;
				CLANG_WARN_CONSTANT_CONVERSION = YES;
				CLANG_WARN_DEPRECATED_OBJC_IMPLEMENTATIONS = YES;
				CLANG_WARN_DIRECT_OBJC_ISA_USAGE = YES_ERROR;
				CLANG_WARN_DOCUMENTATION_COMMENTS = YES;
				CLANG_WARN_EMPTY_BODY = YES;
				CLANG_WARN_ENUM_CONVERSION = YES;
				CLANG_WARN_INFINITE_RECURSION = YES;
				CLANG_WARN_INT_CONVERSION = YES;
				CLANG_WARN_NON_LITERAL_NULL_CONVERSION = YES;
				CLANG_WARN_OBJC_IMPLICIT_RETAIN_SELF = YES;
				CLANG_WARN_OBJC_LITERAL_CONVERSION = YES;
				CLANG_WARN_OBJC_ROOT_CLASS = YES_ERROR;
				CLANG_WARN_RANGE_LOOP_ANALYSIS = YES;
				CLANG_WARN_STRICT_PROTOTYPES = YES;
				CLANG_WARN_SUSPICIOUS_MOVE = YES;
				CLANG_WARN_UNGUARDED_AVAILABILITY = YES_AGGRESSIVE;
				CLANG_WARN_UNREACHABLE_CODE = YES;
				CLANG_WARN__DUPLICATE_METHOD_MATCH = YES;
				COPY_PHASE_STRIP = NO;
				DEBUG_INFORMATION_FORMAT = "dwarf-with-dsym";
				ENABLE_NS_ASSERTIONS = NO;
				ENABLE_STRICT_OBJC_MSGSEND = YES;
				GCC_C_LANGUAGE_STANDARD = gnu11;
				GCC_NO_COMMON_BLOCKS = YES;
				GCC_WARN_64_TO_32_BIT_CONVERSION = YES;
				GCC_WARN_ABOUT_RETURN_TYPE = YES_ERROR;
				GCC_WARN_UNDECLARED_SELECTOR = YES;
				GCC_WARN_UNINITIALIZED_AUTOS = YES_AGGRESSIVE;
				GCC_WARN_UNUSED_FUNCTION = YES;
				GCC_WARN_UNUSED_VARIABLE = YES;
				IPHONEOS_DEPLOYMENT_TARGET = 13.2;
				MTL_ENABLE_DEBUG_INFO = NO;
				MTL_FAST_MATH = YES;
				SDKROOT = iphoneos;
				SWIFT_COMPILATION_MODE = wholemodule;
				SWIFT_OPTIMIZATION_LEVEL = "-O";
				VALIDATE_PRODUCT = YES;
			};
			name = Release;
		};
		5D6B04372410F87D00AA7D3B /* Debug */ = {
			isa = XCBuildConfiguration;
			buildSettings = {
				ASSETCATALOG_COMPILER_APPICON_NAME = AppIcon;
				CODE_SIGN_STYLE = Automatic;
				DEVELOPMENT_TEAM = 7KFHN9UQ5P;
				INFOPLIST_FILE = DeadlinesManager/Info.plist;
				LD_RUNPATH_SEARCH_PATHS = (
					"$(inherited)",
					"@executable_path/Frameworks",
				);
				PRODUCT_BUNDLE_IDENTIFIER = Holovash.DeadlinesManager;
				PRODUCT_NAME = "$(TARGET_NAME)";
				SWIFT_VERSION = 5.0;
				TARGETED_DEVICE_FAMILY = "1,2";
			};
			name = Debug;
		};
		5D6B04382410F87D00AA7D3B /* Release */ = {
			isa = XCBuildConfiguration;
			buildSettings = {
				ASSETCATALOG_COMPILER_APPICON_NAME = AppIcon;
				CODE_SIGN_STYLE = Automatic;
				DEVELOPMENT_TEAM = 7KFHN9UQ5P;
				INFOPLIST_FILE = DeadlinesManager/Info.plist;
				LD_RUNPATH_SEARCH_PATHS = (
					"$(inherited)",
					"@executable_path/Frameworks",
				);
				PRODUCT_BUNDLE_IDENTIFIER = Holovash.DeadlinesManager;
				PRODUCT_NAME = "$(TARGET_NAME)";
				SWIFT_VERSION = 5.0;
				TARGETED_DEVICE_FAMILY = "1,2";
			};
			name = Release;
		};
/* End XCBuildConfiguration section */

/* Begin XCConfigurationList section */
		5D6B041D2410F87800AA7D3B /* Build configuration list for PBXProject "DeadlinesManager" */ = {
			isa = XCConfigurationList;
			buildConfigurations = (
				5D6B04342410F87D00AA7D3B /* Debug */,
				5D6B04352410F87D00AA7D3B /* Release */,
			);
			defaultConfigurationIsVisible = 0;
			defaultConfigurationName = Release;
		};
		5D6B04362410F87D00AA7D3B /* Build configuration list for PBXNativeTarget "DeadlinesManager" */ = {
			isa = XCConfigurationList;
			buildConfigurations = (
				5D6B04372410F87D00AA7D3B /* Debug */,
				5D6B04382410F87D00AA7D3B /* Release */,
			);
			defaultConfigurationIsVisible = 0;
			defaultConfigurationName = Release;
		};
/* End XCConfigurationList section */
	};
	rootObject = 5D6B041A2410F87800AA7D3B /* Project object */;
}
